
Microsoft Visual Studio Solution File, Format Version 12.00
# Visual Studio Version 17
VisualStudioVersion = 17.4.33213.308
MinimumVisualStudioVersion = 10.0.40219.1
Project("{FAE04EC0-301F-11D3-BF4B-00C04F79EFBC}") = "MLib01", "MLib01\MLib01.csproj", "{0656872B-9F0C-4F82-8961-2F601F44D988}"
EndProject
Global
	GlobalSection(SolutionConfigurationPlatforms) = preSolution
		Debug|Any CPU = Debug|Any CPU
		Release|Any CPU = Release|Any CPU
	EndGlobalSection
	GlobalSection(ProjectConfigurationPlatforms) = postSolution
		{0656872B-9F0C-4F82-8961-2F601F44D988}.Debug|Any CPU.ActiveCfg = Debug|Any CPU
		{0656872B-9F0C-4F82-8961-2F601F44D988}.Debug|Any CPU.Build.0 = Debug|Any CPU
		{0656872B-9F0C-4F82-8961-2F601F44D988}.Release|Any CPU.ActiveCfg = Release|Any CPU
		{0656872B-9F0C-4F82-8961-2F601F44D988}.Release|Any CPU.Build.0 = Release|Any CPU
	EndGlobalSection
	GlobalSection(SolutionProperties) = preSolution
		HideSolutionNode = FALSE
	EndGlobalSection
	GlobalSection(ExtensibilityGlobals) = postSolution
		SolutionGuid = {C5167E71-F1CD-468D-A346-6FC97B17FD3D}
	EndGlobalSection
EndGlobal
